
Microsoft Visual Studio Solution File, Format Version 12.00
# Visual Studio Version 17
VisualStudioVersion = 17.6.33829.357
MinimumVisualStudioVersion = 10.0.40219.1
Project("{FAE04EC0-301F-11D3-BF4B-00C04F79EFBC}") = "ViewPictures", "ViewPictures.csproj", "{843F9DE9-EC3D-4CBE-9222-9C20F8E39341}"
EndProject
Global
	GlobalSection(SolutionConfigurationPlatforms) = preSolution
		Debug|Any CPU = Debug|Any CPU
		Release|Any CPU = Release|Any CPU
	EndGlobalSection
	GlobalSection(ProjectConfigurationPlatforms) = postSolution
		{843F9DE9-EC3D-4CBE-9222-9C20F8E39341}.Debug|Any CPU.ActiveCfg = Debug|Any CPU
		{843F9DE9-EC3D-4CBE-9222-9C20F8E39341}.Debug|Any CPU.Build.0 = Debug|Any CPU
		{843F9DE9-EC3D-4CBE-9222-9C20F8E39341}.Release|Any CPU.ActiveCfg = Release|Any CPU
		{843F9DE9-EC3D-4CBE-9222-9C20F8E39341}.Release|Any CPU.Build.0 = Release|Any CPU
	EndGlobalSection
	GlobalSection(SolutionProperties) = preSolution
		HideSolutionNode = FALSE
	EndGlobalSection
	GlobalSection(ExtensibilityGlobals) = postSolution
		SolutionGuid = {043E8280-ECFE-46F0-9CC4-C8A6585D3065}
	EndGlobalSection
EndGlobal
